
Microsoft Visual Studio Solution File, Format Version 12.00
# Visual Studio Version 17
VisualStudioVersion = 17.12.35527.113
MinimumVisualStudioVersion = 10.0.40219.1
Project("{FAE04EC0-301F-11D3-BF4B-00C04F79EFBC}") = "HybridBlazor", "HybridBlazor\HybridBlazor\HybridBlazor.csproj", "{CE3349E3-8FE9-4D8D-A04D-74BF33E75FB2}"
EndProject
Project("{FAE04EC0-301F-11D3-BF4B-00C04F79EFBC}") = "HybridBlazor.Client", "HybridBlazor\HybridBlazor.Client\HybridBlazor.Client.csproj", "{F9A76B97-58F2-486E-AC40-D771D60B3153}"
EndProject
Project("{FAE04EC0-301F-11D3-BF4B-00C04F79EFBC}") = "HybridBlazor.Shared", "HybridBlazor.Shared\HybridBlazor.Shared.csproj", "{644FA799-0D68-4DA1-8089-3B2ADF8DA515}"
EndProject
Project("{2150E333-8FDC-42A3-9474-1A3956D46DE8}") = "Idp4", "Idp4", "{8DC8F88B-540B-4DAE-AD60-B0E3A75C762C}"
EndProject
Project("{FAE04EC0-301F-11D3-BF4B-00C04F79EFBC}") = "IdentityServer", "IdentityServer\IdentityServer.csproj", "{43889828-F33E-45C5-A1EC-852F80B31BA5}"
EndProject
Project("{2150E333-8FDC-42A3-9474-1A3956D46DE8}") = "Blazor", "Blazor", "{693184EA-CD11-4D4B-804E-E5CD0891B2B0}"
EndProject
Project("{2150E333-8FDC-42A3-9474-1A3956D46DE8}") = "Core", "Core", "{0F90C292-933C-4695-9CDC-83DD4F90BACD}"
EndProject
Project("{FAE04EC0-301F-11D3-BF4B-00C04F79EFBC}") = "HybridBlazor.Model", "HybridBlazor.Model\HybridBlazor.Model.csproj", "{02E75E94-C10E-4DC0-9301-7548F4F6C669}"
EndProject
Project("{FAE04EC0-301F-11D3-BF4B-00C04F79EFBC}") = "HybridBlazor.ServiceConcrete", "HybridBlazor.ServiceConcrete\HybridBlazor.ServiceConcrete.csproj", "{34988089-7129-4AA6-9C25-26647FEC4FB0}"
EndProject
Project("{FAE04EC0-301F-11D3-BF4B-00C04F79EFBC}") = "HybridBlazor.ServiceAbstract", "HybridBlazor.ServiceAbstract\HybridBlazor.ServiceAbstract.csproj", "{1CA8443B-547F-41F0-9A28-AB06E2D453ED}"
EndProject
Project("{2150E333-8FDC-42A3-9474-1A3956D46DE8}") = "DataAccess", "DataAccess", "{45E4041D-A4D7-4336-830D-A31D265CCFD0}"
EndProject
Project("{FAE04EC0-301F-11D3-BF4B-00C04F79EFBC}") = "HybridBlazor.Data", "HybridBlazor.Data\HybridBlazor.Data.csproj", "{54CFB04B-E88F-43E6-A7B8-404632D9986B}"
EndProject
Project("{2150E333-8FDC-42A3-9474-1A3956D46DE8}") = "Infrastructure", "Infrastructure", "{986B2911-0F61-441A-880C-424FE2B87E2A}"
EndProject
Project("{FAE04EC0-301F-11D3-BF4B-00C04F79EFBC}") = "HybridBlazor.Infrastructure", "HybridBlazor.Infrastructure\HybridBlazor.Infrastructure.csproj", "{DA3D1132-0349-484C-9199-3BFDEBB0633E}"
EndProject
Project("{FAE04EC0-301F-11D3-BF4B-00C04F79EFBC}") = "HybridBlazor.Config", "HybridBlazor.Config\HybridBlazor.Config.csproj", "{78C38EAA-1378-4D4F-9363-28042F11BDE4}"
EndProject
Global
	GlobalSection(SolutionConfigurationPlatforms) = preSolution
		Debug|Any CPU = Debug|Any CPU
		Release|Any CPU = Release|Any CPU
	EndGlobalSection
	GlobalSection(ProjectConfigurationPlatforms) = postSolution
		{CE3349E3-8FE9-4D8D-A04D-74BF33E75FB2}.Debug|Any CPU.ActiveCfg = Debug|Any CPU
		{CE3349E3-8FE9-4D8D-A04D-74BF33E75FB2}.Debug|Any CPU.Build.0 = Debug|Any CPU
		{CE3349E3-8FE9-4D8D-A04D-74BF33E75FB2}.Release|Any CPU.ActiveCfg = Release|Any CPU
		{CE3349E3-8FE9-4D8D-A04D-74BF33E75FB2}.Release|Any CPU.Build.0 = Release|Any CPU
		{F9A76B97-58F2-486E-AC40-D771D60B3153}.Debug|Any CPU.ActiveCfg = Debug|Any CPU
		{F9A76B97-58F2-486E-AC40-D771D60B3153}.Debug|Any CPU.Build.0 = Debug|Any CPU
		{F9A76B97-58F2-486E-AC40-D771D60B3153}.Release|Any CPU.ActiveCfg = Release|Any CPU
		{F9A76B97-58F2-486E-AC40-D771D60B3153}.Release|Any CPU.Build.0 = Release|Any CPU
		{644FA799-0D68-4DA1-8089-3B2ADF8DA515}.Debug|Any CPU.ActiveCfg = Debug|Any CPU
		{644FA799-0D68-4DA1-8089-3B2ADF8DA515}.Debug|Any CPU.Build.0 = Debug|Any CPU
		{644FA799-0D68-4DA1-8089-3B2ADF8DA515}.Release|Any CPU.ActiveCfg = Release|Any CPU
		{644FA799-0D68-4DA1-8089-3B2ADF8DA515}.Release|Any CPU.Build.0 = Release|Any CPU
		{43889828-F33E-45C5-A1EC-852F80B31BA5}.Debug|Any CPU.ActiveCfg = Debug|Any CPU
		{43889828-F33E-45C5-A1EC-852F80B31BA5}.Debug|Any CPU.Build.0 = Debug|Any CPU
		{43889828-F33E-45C5-A1EC-852F80B31BA5}.Release|Any CPU.ActiveCfg = Release|Any CPU
		{43889828-F33E-45C5-A1EC-852F80B31BA5}.Release|Any CPU.Build.0 = Release|Any CPU
		{02E75E94-C10E-4DC0-9301-7548F4F6C669}.Debug|Any CPU.ActiveCfg = Debug|Any CPU
		{02E75E94-C10E-4DC0-9301-7548F4F6C669}.Debug|Any CPU.Build.0 = Debug|Any CPU
		{02E75E94-C10E-4DC0-9301-7548F4F6C669}.Release|Any CPU.ActiveCfg = Release|Any CPU
		{02E75E94-C10E-4DC0-9301-7548F4F6C669}.Release|Any CPU.Build.0 = Release|Any CPU
		{34988089-7129-4AA6-9C25-26647FEC4FB0}.Debug|Any CPU.ActiveCfg = Debug|Any CPU
		{34988089-7129-4AA6-9C25-26647FEC4FB0}.Debug|Any CPU.Build.0 = Debug|Any CPU
		{34988089-7129-4AA6-9C25-26647FEC4FB0}.Release|Any CPU.ActiveCfg = Release|Any CPU
		{34988089-7129-4AA6-9C25-26647FEC4FB0}.Release|Any CPU.Build.0 = Release|Any CPU
		{1CA8443B-547F-41F0-9A28-AB06E2D453ED}.Debug|Any CPU.ActiveCfg = Debug|Any CPU
		{1CA8443B-547F-41F0-9A28-AB06E2D453ED}.Debug|Any CPU.Build.0 = Debug|Any CPU
		{1CA8443B-547F-41F0-9A28-AB06E2D453ED}.Release|Any CPU.ActiveCfg = Release|Any CPU
		{1CA8443B-547F-41F0-9A28-AB06E2D453ED}.Release|Any CPU.Build.0 = Release|Any CPU
		{54CFB04B-E88F-43E6-A7B8-404632D9986B}.Debug|Any CPU.ActiveCfg = Debug|Any CPU
		{54CFB04B-E88F-43E6-A7B8-404632D9986B}.Debug|Any CPU.Build.0 = Debug|Any CPU
		{54CFB04B-E88F-43E6-A7B8-404632D9986B}.Release|Any CPU.ActiveCfg = Release|Any CPU
		{54CFB04B-E88F-43E6-A7B8-404632D9986B}.Release|Any CPU.Build.0 = Release|Any CPU
		{DA3D1132-0349-484C-9199-3BFDEBB0633E}.Debug|Any CPU.ActiveCfg = Debug|Any CPU
		{DA3D1132-0349-484C-9199-3BFDEBB0633E}.Debug|Any CPU.Build.0 = Debug|Any CPU
		{DA3D1132-0349-484C-9199-3BFDEBB0633E}.Release|Any CPU.ActiveCfg = Release|Any CPU
		{DA3D1132-0349-484C-9199-3BFDEBB0633E}.Release|Any CPU.Build.0 = Release|Any CPU
		{78C38EAA-1378-4D4F-9363-28042F11BDE4}.Debug|Any CPU.ActiveCfg = Debug|Any CPU
		{78C38EAA-1378-4D4F-9363-28042F11BDE4}.Debug|Any CPU.Build.0 = Debug|Any CPU
		{78C38EAA-1378-4D4F-9363-28042F11BDE4}.Release|Any CPU.ActiveCfg = Release|Any CPU
		{78C38EAA-1378-4D4F-9363-28042F11BDE4}.Release|Any CPU.Build.0 = Release|Any CPU
	EndGlobalSection
	GlobalSection(SolutionProperties) = preSolution
		HideSolutionNode = FALSE
	EndGlobalSection
	GlobalSection(NestedProjects) = preSolution
		{CE3349E3-8FE9-4D8D-A04D-74BF33E75FB2} = {693184EA-CD11-4D4B-804E-E5CD0891B2B0}
		{F9A76B97-58F2-486E-AC40-D771D60B3153} = {693184EA-CD11-4D4B-804E-E5CD0891B2B0}
		{644FA799-0D68-4DA1-8089-3B2ADF8DA515} = {693184EA-CD11-4D4B-804E-E5CD0891B2B0}
		{43889828-F33E-45C5-A1EC-852F80B31BA5} = {8DC8F88B-540B-4DAE-AD60-B0E3A75C762C}
		{02E75E94-C10E-4DC0-9301-7548F4F6C669} = {0F90C292-933C-4695-9CDC-83DD4F90BACD}
		{34988089-7129-4AA6-9C25-26647FEC4FB0} = {0F90C292-933C-4695-9CDC-83DD4F90BACD}
		{1CA8443B-547F-41F0-9A28-AB06E2D453ED} = {0F90C292-933C-4695-9CDC-83DD4F90BACD}
		{54CFB04B-E88F-43E6-A7B8-404632D9986B} = {45E4041D-A4D7-4336-830D-A31D265CCFD0}
		{DA3D1132-0349-484C-9199-3BFDEBB0633E} = {986B2911-0F61-441A-880C-424FE2B87E2A}
		{78C38EAA-1378-4D4F-9363-28042F11BDE4} = {986B2911-0F61-441A-880C-424FE2B87E2A}
	EndGlobalSection
EndGlobal
